
Microsoft Visual Studio Solution File, Format Version 12.00
# Visual Studio Version 16
VisualStudioVersion = 16.0.29306.81
MinimumVisualStudioVersion = 10.0.40219.1
Project("{F184B08F-C81C-45F6-A57F-5ABD9991F28F}") = "WebApplication1", "WebApplication1\WebApplication1.vbproj", "{993406CC-337A-4C36-AC2F-10BBE0D86A91}"
EndProject
Global
	GlobalSection(SolutionConfigurationPlatforms) = preSolution
		Debug|Any CPU = Debug|Any CPU
		Release|Any CPU = Release|Any CPU
	EndGlobalSection
	GlobalSection(ProjectConfigurationPlatforms) = postSolution
		{993406CC-337A-4C36-AC2F-10BBE0D86A91}.Debug|Any CPU.ActiveCfg = Debug|Any CPU
		{993406CC-337A-4C36-AC2F-10BBE0D86A91}.Debug|Any CPU.Build.0 = Debug|Any CPU
		{993406CC-337A-4C36-AC2F-10BBE0D86A91}.Release|Any CPU.ActiveCfg = Release|Any CPU
		{993406CC-337A-4C36-AC2F-10BBE0D86A91}.Release|Any CPU.Build.0 = Release|Any CPU
	EndGlobalSection
	GlobalSection(SolutionProperties) = preSolution
		HideSolutionNode = FALSE
	EndGlobalSection
	GlobalSection(ExtensibilityGlobals) = postSolution
		SolutionGuid = {FFC45B80-B0ED-4B7A-B843-DF1688CD3BBB}
	EndGlobalSection
EndGlobal
